
Microsoft Visual Studio Solution File, Format Version 12.00
# Visual Studio Version 17
VisualStudioVersion = 17.4.33213.308
MinimumVisualStudioVersion = 10.0.40219.1
Project("{9092AA53-FB77-4645-B42D-1CCCA6BD08BD}") = "NodeWebsite", "NodeWebsite.njsproj", "{304E0260-EA3C-4D0E-A4D3-1F0CEF964341}"
EndProject
Global
	GlobalSection(SolutionConfigurationPlatforms) = preSolution
		Debug|Any CPU = Debug|Any CPU
		Release|Any CPU = Release|Any CPU
	EndGlobalSection
	GlobalSection(ProjectConfigurationPlatforms) = postSolution
		{304E0260-EA3C-4D0E-A4D3-1F0CEF964341}.Debug|Any CPU.ActiveCfg = Debug|Any CPU
		{304E0260-EA3C-4D0E-A4D3-1F0CEF964341}.Debug|Any CPU.Build.0 = Debug|Any CPU
		{304E0260-EA3C-4D0E-A4D3-1F0CEF964341}.Release|Any CPU.ActiveCfg = Release|Any CPU
		{304E0260-EA3C-4D0E-A4D3-1F0CEF964341}.Release|Any CPU.Build.0 = Release|Any CPU
	EndGlobalSection
	GlobalSection(SolutionProperties) = preSolution
		HideSolutionNode = FALSE
	EndGlobalSection
	GlobalSection(ExtensibilityGlobals) = postSolution
		SolutionGuid = {B13943C0-2B05-4FD8-B91C-E922ABC106CB}
	EndGlobalSection
EndGlobal
